
Microsoft Visual Studio Solution File, Format Version 12.00
# Visual Studio Version 17
VisualStudioVersion = 17.10.35013.160
MinimumVisualStudioVersion = 10.0.40219.1
Project("{FAE04EC0-301F-11D3-BF4B-00C04F79EFBC}") = "WindForm-Reader", "WindForm-Reader.csproj", "{4856FDE4-2F71-4C66-B13B-8D37F094838F}"
EndProject
Global
	GlobalSection(SolutionConfigurationPlatforms) = preSolution
		Debug|Any CPU = Debug|Any CPU
		Release|Any CPU = Release|Any CPU
	EndGlobalSection
	GlobalSection(ProjectConfigurationPlatforms) = postSolution
		{4856FDE4-2F71-4C66-B13B-8D37F094838F}.Debug|Any CPU.ActiveCfg = Debug|Any CPU
		{4856FDE4-2F71-4C66-B13B-8D37F094838F}.Debug|Any CPU.Build.0 = Debug|Any CPU
		{4856FDE4-2F71-4C66-B13B-8D37F094838F}.Release|Any CPU.ActiveCfg = Release|Any CPU
		{4856FDE4-2F71-4C66-B13B-8D37F094838F}.Release|Any CPU.Build.0 = Release|Any CPU
	EndGlobalSection
	GlobalSection(SolutionProperties) = preSolution
		HideSolutionNode = FALSE
	EndGlobalSection
	GlobalSection(ExtensibilityGlobals) = postSolution
		SolutionGuid = {D0BE9DD0-7592-4336-B80A-95615AFD20BA}
	EndGlobalSection
EndGlobal
